
Microsoft Visual Studio Solution File, Format Version 12.00
# Visual Studio Version 16
VisualStudioVersion = 16.0.31105.61
MinimumVisualStudioVersion = 10.0.40219.1
Project("{FAE04EC0-301F-11D3-BF4B-00C04F79EFBC}") = "forLoop", "forLoop\forLoop.csproj", "{019E272F-5586-4D13-983D-D37AFA2B974F}"
EndProject
Global
	GlobalSection(SolutionConfigurationPlatforms) = preSolution
		Debug|Any CPU = Debug|Any CPU
		Release|Any CPU = Release|Any CPU
	EndGlobalSection
	GlobalSection(ProjectConfigurationPlatforms) = postSolution
		{019E272F-5586-4D13-983D-D37AFA2B974F}.Debug|Any CPU.ActiveCfg = Debug|Any CPU
		{019E272F-5586-4D13-983D-D37AFA2B974F}.Debug|Any CPU.Build.0 = Debug|Any CPU
		{019E272F-5586-4D13-983D-D37AFA2B974F}.Release|Any CPU.ActiveCfg = Release|Any CPU
		{019E272F-5586-4D13-983D-D37AFA2B974F}.Release|Any CPU.Build.0 = Release|Any CPU
	EndGlobalSection
	GlobalSection(SolutionProperties) = preSolution
		HideSolutionNode = FALSE
	EndGlobalSection
	GlobalSection(ExtensibilityGlobals) = postSolution
		SolutionGuid = {9C66AE53-740E-4DB8-960A-130379E36413}
	EndGlobalSection
EndGlobal
