
Microsoft Visual Studio Solution File, Format Version 12.00
# Visual Studio Version 16
VisualStudioVersion = 16.0.31105.61
MinimumVisualStudioVersion = 10.0.40219.1
Project("{FAE04EC0-301F-11D3-BF4B-00C04F79EFBC}") = "errorHandling", "errorHandling\errorHandling.csproj", "{9B7BFA2F-154B-41DB-AA30-E445DF3FBF74}"
EndProject
Global
	GlobalSection(SolutionConfigurationPlatforms) = preSolution
		Debug|Any CPU = Debug|Any CPU
		Release|Any CPU = Release|Any CPU
	EndGlobalSection
	GlobalSection(ProjectConfigurationPlatforms) = postSolution
		{9B7BFA2F-154B-41DB-AA30-E445DF3FBF74}.Debug|Any CPU.ActiveCfg = Debug|Any CPU
		{9B7BFA2F-154B-41DB-AA30-E445DF3FBF74}.Debug|Any CPU.Build.0 = Debug|Any CPU
		{9B7BFA2F-154B-41DB-AA30-E445DF3FBF74}.Release|Any CPU.ActiveCfg = Release|Any CPU
		{9B7BFA2F-154B-41DB-AA30-E445DF3FBF74}.Release|Any CPU.Build.0 = Release|Any CPU
	EndGlobalSection
	GlobalSection(SolutionProperties) = preSolution
		HideSolutionNode = FALSE
	EndGlobalSection
	GlobalSection(ExtensibilityGlobals) = postSolution
		SolutionGuid = {F2FA7EFE-2C4D-4320-AFF8-C4CA2C5DC6DC}
	EndGlobalSection
EndGlobal
