
Microsoft Visual Studio Solution File, Format Version 12.00
# Visual Studio Version 16
VisualStudioVersion = 16.0.31105.61
MinimumVisualStudioVersion = 10.0.40219.1
Project("{FAE04EC0-301F-11D3-BF4B-00C04F79EFBC}") = "DemoClass", "DemoClass\DemoClass.csproj", "{87FC51D1-22D4-496A-96F5-C9A54323474E}"
EndProject
Project("{2150E333-8FDC-42A3-9474-1A3956D46DE8}") = "Test", "Test", "{90F554AC-FED5-438C-8FF5-B07922940427}"
EndProject
Global
	GlobalSection(SolutionConfigurationPlatforms) = preSolution
		Debug|Any CPU = Debug|Any CPU
		Release|Any CPU = Release|Any CPU
	EndGlobalSection
	GlobalSection(ProjectConfigurationPlatforms) = postSolution
		{87FC51D1-22D4-496A-96F5-C9A54323474E}.Debug|Any CPU.ActiveCfg = Debug|Any CPU
		{87FC51D1-22D4-496A-96F5-C9A54323474E}.Debug|Any CPU.Build.0 = Debug|Any CPU
		{87FC51D1-22D4-496A-96F5-C9A54323474E}.Release|Any CPU.ActiveCfg = Release|Any CPU
		{87FC51D1-22D4-496A-96F5-C9A54323474E}.Release|Any CPU.Build.0 = Release|Any CPU
	EndGlobalSection
	GlobalSection(SolutionProperties) = preSolution
		HideSolutionNode = FALSE
	EndGlobalSection
	GlobalSection(ExtensibilityGlobals) = postSolution
		SolutionGuid = {4253B012-F143-4502-8A29-1B7882D39B4B}
	EndGlobalSection
EndGlobal
